
Microsoft Visual Studio Solution File, Format Version 12.00
# Visual Studio Version 17
VisualStudioVersion = 17.13.35806.99
MinimumVisualStudioVersion = 10.0.40219.1
Project("{FAE04EC0-301F-11D3-BF4B-00C04F79EFBC}") = "Avalonia.WebView", "Avalonia.WebView\Avalonia.WebView.csproj", "{ABF4D7B8-2C3A-4817-89A5-141D98C66259}"
EndProject
Project("{FAE04EC0-301F-11D3-BF4B-00C04F79EFBC}") = "Avalonia.WebView.Shared", "Avalonia.WebView.Shared\Avalonia.WebView.Shared.csproj", "{CCD53BF6-B1B4-43E7-8013-404BBC43FCC2}"
EndProject
Project("{FAE04EC0-301F-11D3-BF4B-00C04F79EFBC}") = "DryIoc.Shared", "DryIoc.Shared\DryIoc.Shared.csproj", "{5D7E9AE6-357B-46EB-B857-2C72799B1DC7}"
EndProject
Project("{FAE04EC0-301F-11D3-BF4B-00C04F79EFBC}") = "WebView.Core", "WebView.Core\WebView.Core.csproj", "{2B60E565-B977-4AAF-AD26-AEAA23BF68F3}"
EndProject
Project("{FAE04EC0-301F-11D3-BF4B-00C04F79EFBC}") = "Avalonia.BlazorWebView", "Avalonia.BlazorWebView\Avalonia.BlazorWebView.csproj", "{2174DB9B-FB3B-4BE9-AC4F-BF8FD4DABDD0}"
EndProject
Project("{2150E333-8FDC-42A3-9474-1A3956D46DE8}") = "Platform", "Platform", "{02EA681E-C7D8-13C7-8484-4AC65E1B71E8}"
EndProject
Project("{2150E333-8FDC-42A3-9474-1A3956D46DE8}") = "Desktop", "Desktop", "{2407A012-4842-4ACD-8B75-0C5D243BD198}"
EndProject
Project("{2150E333-8FDC-42A3-9474-1A3956D46DE8}") = "Linux", "Linux", "{BFA6EA5B-3352-4F74-8D87-D6D2131C9454}"
EndProject
Project("{2150E333-8FDC-42A3-9474-1A3956D46DE8}") = "Mac", "Mac", "{C43AC614-1164-421F-A34D-1E304DD32E54}"
EndProject
Project("{2150E333-8FDC-42A3-9474-1A3956D46DE8}") = "Windows", "Windows", "{B59E328E-DE0D-4B42-8F55-069387F13D93}"
EndProject
Project("{FAE04EC0-301F-11D3-BF4B-00C04F79EFBC}") = "Avalonia.WebView.Windows", "Platform\Windows\Avalonia.WebView.Windows\Avalonia.WebView.Windows.csproj", "{B7A102C5-DD4D-4BF9-9D6E-95224221F555}"
EndProject
Project("{FAE04EC0-301F-11D3-BF4B-00C04F79EFBC}") = "Avalonia.WebView.Linux", "Platform\Linux\Avalonia.WebView.Linux\Avalonia.WebView.Linux.csproj", "{8F57D74A-D77B-E736-FDBE-1D59DA6314A4}"
EndProject
Project("{FAE04EC0-301F-11D3-BF4B-00C04F79EFBC}") = "Linux.WebView.Core", "Platform\Linux\Linux.WebView.Core\Linux.WebView.Core.csproj", "{D01AE7E1-9821-FFC7-EE21-FB289C6B6B6D}"
EndProject
Project("{FAE04EC0-301F-11D3-BF4B-00C04F79EFBC}") = "Xamarin.Mac", "Platform\Mac\Xamarin.Mac\Xamarin.Mac.csproj", "{ECDA5680-4DDE-4641-B07F-018F60D8355E}"
EndProject
Project("{FAE04EC0-301F-11D3-BF4B-00C04F79EFBC}") = "Avalonia.WebView.MacCatalyst", "Platform\Mac\Avalonia.WebView.MacCatalyst\Avalonia.WebView.MacCatalyst.csproj", "{4A8D5E91-47F8-449E-894D-58AE4418A913}"
EndProject
Project("{FAE04EC0-301F-11D3-BF4B-00C04F79EFBC}") = "Avalonia.WebView.Desktop", "Platform\Desktop\Avalonia.WebView.Desktop\Avalonia.WebView.Desktop.csproj", "{1A0CC9A6-6584-45C8-867D-89EAC7956F77}"
EndProject
Project("{2150E333-8FDC-42A3-9474-1A3956D46DE8}") = "Sample", "Sample", "{971299CB-D5F7-48F5-A8A6-1F9F95850582}"
EndProject
Project("{2150E333-8FDC-42A3-9474-1A3956D46DE8}") = "SampleBlazorWebView", "SampleBlazorWebView", "{A4D1BAAA-D538-4038-AF4F-0D43F61D8C8E}"
EndProject
Project("{FAE04EC0-301F-11D3-BF4B-00C04F79EFBC}") = "TestApp", "TestApp\TestApp\TestApp.csproj", "{3E167905-CC80-48A1-87C9-C93C824BCD39}"
EndProject
Project("{FAE04EC0-301F-11D3-BF4B-00C04F79EFBC}") = "TestApp.Droid", "TestApp\TestApp.Android\TestApp.Droid.csproj", "{DB89156F-D3BC-49AB-8BB9-05165CD9E975}"
EndProject
Project("{FAE04EC0-301F-11D3-BF4B-00C04F79EFBC}") = "TestApp.Desktop", "TestApp\TestApp.Desktop\TestApp.Desktop.csproj", "{347FA1C1-CA71-40F8-8EC4-D92E21D762DD}"
EndProject
Project("{2150E333-8FDC-42A3-9474-1A3956D46DE8}") = "Android", "Android", "{18A43BE6-0EA8-48F0-A2BF-2B4DBF839BBA}"
EndProject
Project("{FAE04EC0-301F-11D3-BF4B-00C04F79EFBC}") = "Avalonia.WebView.Android", "Platform\Android\Avalonia.WebView.Android\Avalonia.WebView.Android.csproj", "{407D11A9-7A13-DF29-1CA8-CD9F8DA840C1}"
EndProject
Project("{FAE04EC0-301F-11D3-BF4B-00C04F79EFBC}") = "TestApp.Web", "TestApp\TestApp.Web\TestApp.Web.csproj", "{C989160A-2055-4695-8223-F55B879214C9}"
EndProject
Project("{FAE04EC0-301F-11D3-BF4B-00C04F79EFBC}") = "TestApp.Web.Shared", "TestApp\TestApp.Web.Shared\TestApp.Web.Shared.csproj", "{A5F88ED2-5B0B-47BB-A4C2-999EA4751811}"
EndProject
Global
	GlobalSection(SolutionConfigurationPlatforms) = preSolution
		Debug|Any CPU = Debug|Any CPU
		Debug|x64 = Debug|x64
		Release|Any CPU = Release|Any CPU
		Release|x64 = Release|x64
	EndGlobalSection
	GlobalSection(ProjectConfigurationPlatforms) = postSolution
		{ABF4D7B8-2C3A-4817-89A5-141D98C66259}.Debug|Any CPU.ActiveCfg = Debug|Any CPU
		{ABF4D7B8-2C3A-4817-89A5-141D98C66259}.Debug|Any CPU.Build.0 = Debug|Any CPU
		{ABF4D7B8-2C3A-4817-89A5-141D98C66259}.Debug|x64.ActiveCfg = Debug|Any CPU
		{ABF4D7B8-2C3A-4817-89A5-141D98C66259}.Debug|x64.Build.0 = Debug|Any CPU
		{ABF4D7B8-2C3A-4817-89A5-141D98C66259}.Release|Any CPU.ActiveCfg = Release|Any CPU
		{ABF4D7B8-2C3A-4817-89A5-141D98C66259}.Release|Any CPU.Build.0 = Release|Any CPU
		{ABF4D7B8-2C3A-4817-89A5-141D98C66259}.Release|x64.ActiveCfg = Release|Any CPU
		{ABF4D7B8-2C3A-4817-89A5-141D98C66259}.Release|x64.Build.0 = Release|Any CPU
		{CCD53BF6-B1B4-43E7-8013-404BBC43FCC2}.Debug|Any CPU.ActiveCfg = Debug|Any CPU
		{CCD53BF6-B1B4-43E7-8013-404BBC43FCC2}.Debug|Any CPU.Build.0 = Debug|Any CPU
		{CCD53BF6-B1B4-43E7-8013-404BBC43FCC2}.Debug|x64.ActiveCfg = Debug|Any CPU
		{CCD53BF6-B1B4-43E7-8013-404BBC43FCC2}.Debug|x64.Build.0 = Debug|Any CPU
		{CCD53BF6-B1B4-43E7-8013-404BBC43FCC2}.Release|Any CPU.ActiveCfg = Release|Any CPU
		{CCD53BF6-B1B4-43E7-8013-404BBC43FCC2}.Release|Any CPU.Build.0 = Release|Any CPU
		{CCD53BF6-B1B4-43E7-8013-404BBC43FCC2}.Release|x64.ActiveCfg = Release|Any CPU
		{CCD53BF6-B1B4-43E7-8013-404BBC43FCC2}.Release|x64.Build.0 = Release|Any CPU
		{5D7E9AE6-357B-46EB-B857-2C72799B1DC7}.Debug|Any CPU.ActiveCfg = Debug|Any CPU
		{5D7E9AE6-357B-46EB-B857-2C72799B1DC7}.Debug|Any CPU.Build.0 = Debug|Any CPU
		{5D7E9AE6-357B-46EB-B857-2C72799B1DC7}.Debug|x64.ActiveCfg = Debug|Any CPU
		{5D7E9AE6-357B-46EB-B857-2C72799B1DC7}.Debug|x64.Build.0 = Debug|Any CPU
		{5D7E9AE6-357B-46EB-B857-2C72799B1DC7}.Release|Any CPU.ActiveCfg = Release|Any CPU
		{5D7E9AE6-357B-46EB-B857-2C72799B1DC7}.Release|Any CPU.Build.0 = Release|Any CPU
		{5D7E9AE6-357B-46EB-B857-2C72799B1DC7}.Release|x64.ActiveCfg = Release|Any CPU
		{5D7E9AE6-357B-46EB-B857-2C72799B1DC7}.Release|x64.Build.0 = Release|Any CPU
		{2B60E565-B977-4AAF-AD26-AEAA23BF68F3}.Debug|Any CPU.ActiveCfg = Debug|Any CPU
		{2B60E565-B977-4AAF-AD26-AEAA23BF68F3}.Debug|Any CPU.Build.0 = Debug|Any CPU
		{2B60E565-B977-4AAF-AD26-AEAA23BF68F3}.Debug|x64.ActiveCfg = Debug|Any CPU
		{2B60E565-B977-4AAF-AD26-AEAA23BF68F3}.Debug|x64.Build.0 = Debug|Any CPU
		{2B60E565-B977-4AAF-AD26-AEAA23BF68F3}.Release|Any CPU.ActiveCfg = Release|Any CPU
		{2B60E565-B977-4AAF-AD26-AEAA23BF68F3}.Release|Any CPU.Build.0 = Release|Any CPU
		{2B60E565-B977-4AAF-AD26-AEAA23BF68F3}.Release|x64.ActiveCfg = Release|Any CPU
		{2B60E565-B977-4AAF-AD26-AEAA23BF68F3}.Release|x64.Build.0 = Release|Any CPU
		{2174DB9B-FB3B-4BE9-AC4F-BF8FD4DABDD0}.Debug|Any CPU.ActiveCfg = Debug|Any CPU
		{2174DB9B-FB3B-4BE9-AC4F-BF8FD4DABDD0}.Debug|Any CPU.Build.0 = Debug|Any CPU
		{2174DB9B-FB3B-4BE9-AC4F-BF8FD4DABDD0}.Debug|x64.ActiveCfg = Debug|Any CPU
		{2174DB9B-FB3B-4BE9-AC4F-BF8FD4DABDD0}.Debug|x64.Build.0 = Debug|Any CPU
		{2174DB9B-FB3B-4BE9-AC4F-BF8FD4DABDD0}.Release|Any CPU.ActiveCfg = Release|Any CPU
		{2174DB9B-FB3B-4BE9-AC4F-BF8FD4DABDD0}.Release|Any CPU.Build.0 = Release|Any CPU
		{2174DB9B-FB3B-4BE9-AC4F-BF8FD4DABDD0}.Release|x64.ActiveCfg = Release|Any CPU
		{2174DB9B-FB3B-4BE9-AC4F-BF8FD4DABDD0}.Release|x64.Build.0 = Release|Any CPU
		{B7A102C5-DD4D-4BF9-9D6E-95224221F555}.Debug|Any CPU.ActiveCfg = Debug|Any CPU
		{B7A102C5-DD4D-4BF9-9D6E-95224221F555}.Debug|Any CPU.Build.0 = Debug|Any CPU
		{B7A102C5-DD4D-4BF9-9D6E-95224221F555}.Debug|x64.ActiveCfg = Debug|Any CPU
		{B7A102C5-DD4D-4BF9-9D6E-95224221F555}.Debug|x64.Build.0 = Debug|Any CPU
		{B7A102C5-DD4D-4BF9-9D6E-95224221F555}.Release|Any CPU.ActiveCfg = Release|Any CPU
		{B7A102C5-DD4D-4BF9-9D6E-95224221F555}.Release|Any CPU.Build.0 = Release|Any CPU
		{B7A102C5-DD4D-4BF9-9D6E-95224221F555}.Release|x64.ActiveCfg = Release|Any CPU
		{B7A102C5-DD4D-4BF9-9D6E-95224221F555}.Release|x64.Build.0 = Release|Any CPU
		{8F57D74A-D77B-E736-FDBE-1D59DA6314A4}.Debug|Any CPU.ActiveCfg = Debug|Any CPU
		{8F57D74A-D77B-E736-FDBE-1D59DA6314A4}.Debug|Any CPU.Build.0 = Debug|Any CPU
		{8F57D74A-D77B-E736-FDBE-1D59DA6314A4}.Debug|x64.ActiveCfg = Debug|Any CPU
		{8F57D74A-D77B-E736-FDBE-1D59DA6314A4}.Debug|x64.Build.0 = Debug|Any CPU
		{8F57D74A-D77B-E736-FDBE-1D59DA6314A4}.Release|Any CPU.ActiveCfg = Release|Any CPU
		{8F57D74A-D77B-E736-FDBE-1D59DA6314A4}.Release|Any CPU.Build.0 = Release|Any CPU
		{8F57D74A-D77B-E736-FDBE-1D59DA6314A4}.Release|x64.ActiveCfg = Release|Any CPU
		{8F57D74A-D77B-E736-FDBE-1D59DA6314A4}.Release|x64.Build.0 = Release|Any CPU
		{D01AE7E1-9821-FFC7-EE21-FB289C6B6B6D}.Debug|Any CPU.ActiveCfg = Debug|Any CPU
		{D01AE7E1-9821-FFC7-EE21-FB289C6B6B6D}.Debug|Any CPU.Build.0 = Debug|Any CPU
		{D01AE7E1-9821-FFC7-EE21-FB289C6B6B6D}.Debug|x64.ActiveCfg = Debug|Any CPU
		{D01AE7E1-9821-FFC7-EE21-FB289C6B6B6D}.Debug|x64.Build.0 = Debug|Any CPU
		{D01AE7E1-9821-FFC7-EE21-FB289C6B6B6D}.Release|Any CPU.ActiveCfg = Release|Any CPU
		{D01AE7E1-9821-FFC7-EE21-FB289C6B6B6D}.Release|Any CPU.Build.0 = Release|Any CPU
		{D01AE7E1-9821-FFC7-EE21-FB289C6B6B6D}.Release|x64.ActiveCfg = Release|Any CPU
		{D01AE7E1-9821-FFC7-EE21-FB289C6B6B6D}.Release|x64.Build.0 = Release|Any CPU
		{ECDA5680-4DDE-4641-B07F-018F60D8355E}.Debug|Any CPU.ActiveCfg = Debug|Any CPU
		{ECDA5680-4DDE-4641-B07F-018F60D8355E}.Debug|Any CPU.Build.0 = Debug|Any CPU
		{ECDA5680-4DDE-4641-B07F-018F60D8355E}.Debug|x64.ActiveCfg = Debug|Any CPU
		{ECDA5680-4DDE-4641-B07F-018F60D8355E}.Debug|x64.Build.0 = Debug|Any CPU
		{ECDA5680-4DDE-4641-B07F-018F60D8355E}.Release|Any CPU.ActiveCfg = Release|Any CPU
		{ECDA5680-4DDE-4641-B07F-018F60D8355E}.Release|Any CPU.Build.0 = Release|Any CPU
		{ECDA5680-4DDE-4641-B07F-018F60D8355E}.Release|x64.ActiveCfg = Release|Any CPU
		{ECDA5680-4DDE-4641-B07F-018F60D8355E}.Release|x64.Build.0 = Release|Any CPU
		{4A8D5E91-47F8-449E-894D-58AE4418A913}.Debug|Any CPU.ActiveCfg = Debug|Any CPU
		{4A8D5E91-47F8-449E-894D-58AE4418A913}.Debug|Any CPU.Build.0 = Debug|Any CPU
		{4A8D5E91-47F8-449E-894D-58AE4418A913}.Debug|x64.ActiveCfg = Debug|Any CPU
		{4A8D5E91-47F8-449E-894D-58AE4418A913}.Debug|x64.Build.0 = Debug|Any CPU
		{4A8D5E91-47F8-449E-894D-58AE4418A913}.Release|Any CPU.ActiveCfg = Release|Any CPU
		{4A8D5E91-47F8-449E-894D-58AE4418A913}.Release|Any CPU.Build.0 = Release|Any CPU
		{4A8D5E91-47F8-449E-894D-58AE4418A913}.Release|x64.ActiveCfg = Release|Any CPU
		{4A8D5E91-47F8-449E-894D-58AE4418A913}.Release|x64.Build.0 = Release|Any CPU
		{1A0CC9A6-6584-45C8-867D-89EAC7956F77}.Debug|Any CPU.ActiveCfg = Debug|Any CPU
		{1A0CC9A6-6584-45C8-867D-89EAC7956F77}.Debug|Any CPU.Build.0 = Debug|Any CPU
		{1A0CC9A6-6584-45C8-867D-89EAC7956F77}.Debug|x64.ActiveCfg = Debug|Any CPU
		{1A0CC9A6-6584-45C8-867D-89EAC7956F77}.Debug|x64.Build.0 = Debug|Any CPU
		{1A0CC9A6-6584-45C8-867D-89EAC7956F77}.Release|Any CPU.ActiveCfg = Release|Any CPU
		{1A0CC9A6-6584-45C8-867D-89EAC7956F77}.Release|Any CPU.Build.0 = Release|Any CPU
		{1A0CC9A6-6584-45C8-867D-89EAC7956F77}.Release|x64.ActiveCfg = Release|Any CPU
		{1A0CC9A6-6584-45C8-867D-89EAC7956F77}.Release|x64.Build.0 = Release|Any CPU
		{3E167905-CC80-48A1-87C9-C93C824BCD39}.Debug|Any CPU.ActiveCfg = Debug|Any CPU
		{3E167905-CC80-48A1-87C9-C93C824BCD39}.Debug|Any CPU.Build.0 = Debug|Any CPU
		{3E167905-CC80-48A1-87C9-C93C824BCD39}.Debug|x64.ActiveCfg = Debug|Any CPU
		{3E167905-CC80-48A1-87C9-C93C824BCD39}.Debug|x64.Build.0 = Debug|Any CPU
		{3E167905-CC80-48A1-87C9-C93C824BCD39}.Release|Any CPU.ActiveCfg = Release|Any CPU
		{3E167905-CC80-48A1-87C9-C93C824BCD39}.Release|Any CPU.Build.0 = Release|Any CPU
		{3E167905-CC80-48A1-87C9-C93C824BCD39}.Release|x64.ActiveCfg = Release|Any CPU
		{3E167905-CC80-48A1-87C9-C93C824BCD39}.Release|x64.Build.0 = Release|Any CPU
		{DB89156F-D3BC-49AB-8BB9-05165CD9E975}.Debug|Any CPU.ActiveCfg = Debug|Any CPU
		{DB89156F-D3BC-49AB-8BB9-05165CD9E975}.Debug|Any CPU.Build.0 = Debug|Any CPU
		{DB89156F-D3BC-49AB-8BB9-05165CD9E975}.Debug|Any CPU.Deploy.0 = Debug|Any CPU
		{DB89156F-D3BC-49AB-8BB9-05165CD9E975}.Debug|x64.ActiveCfg = Debug|x64
		{DB89156F-D3BC-49AB-8BB9-05165CD9E975}.Debug|x64.Build.0 = Debug|x64
		{DB89156F-D3BC-49AB-8BB9-05165CD9E975}.Debug|x64.Deploy.0 = Debug|x64
		{DB89156F-D3BC-49AB-8BB9-05165CD9E975}.Release|Any CPU.ActiveCfg = Release|Any CPU
		{DB89156F-D3BC-49AB-8BB9-05165CD9E975}.Release|Any CPU.Build.0 = Release|Any CPU
		{DB89156F-D3BC-49AB-8BB9-05165CD9E975}.Release|Any CPU.Deploy.0 = Release|Any CPU
		{DB89156F-D3BC-49AB-8BB9-05165CD9E975}.Release|x64.ActiveCfg = Release|x64
		{DB89156F-D3BC-49AB-8BB9-05165CD9E975}.Release|x64.Build.0 = Release|x64
		{DB89156F-D3BC-49AB-8BB9-05165CD9E975}.Release|x64.Deploy.0 = Release|x64
		{347FA1C1-CA71-40F8-8EC4-D92E21D762DD}.Debug|Any CPU.ActiveCfg = Debug|Any CPU
		{347FA1C1-CA71-40F8-8EC4-D92E21D762DD}.Debug|Any CPU.Build.0 = Debug|Any CPU
		{347FA1C1-CA71-40F8-8EC4-D92E21D762DD}.Debug|x64.ActiveCfg = Debug|Any CPU
		{347FA1C1-CA71-40F8-8EC4-D92E21D762DD}.Debug|x64.Build.0 = Debug|Any CPU
		{347FA1C1-CA71-40F8-8EC4-D92E21D762DD}.Release|Any CPU.ActiveCfg = Release|Any CPU
		{347FA1C1-CA71-40F8-8EC4-D92E21D762DD}.Release|Any CPU.Build.0 = Release|Any CPU
		{347FA1C1-CA71-40F8-8EC4-D92E21D762DD}.Release|x64.ActiveCfg = Release|Any CPU
		{347FA1C1-CA71-40F8-8EC4-D92E21D762DD}.Release|x64.Build.0 = Release|Any CPU
		{407D11A9-7A13-DF29-1CA8-CD9F8DA840C1}.Debug|Any CPU.ActiveCfg = Debug|Any CPU
		{407D11A9-7A13-DF29-1CA8-CD9F8DA840C1}.Debug|Any CPU.Build.0 = Debug|Any CPU
		{407D11A9-7A13-DF29-1CA8-CD9F8DA840C1}.Debug|x64.ActiveCfg = Debug|Any CPU
		{407D11A9-7A13-DF29-1CA8-CD9F8DA840C1}.Debug|x64.Build.0 = Debug|Any CPU
		{407D11A9-7A13-DF29-1CA8-CD9F8DA840C1}.Release|Any CPU.ActiveCfg = Release|Any CPU
		{407D11A9-7A13-DF29-1CA8-CD9F8DA840C1}.Release|Any CPU.Build.0 = Release|Any CPU
		{407D11A9-7A13-DF29-1CA8-CD9F8DA840C1}.Release|x64.ActiveCfg = Release|Any CPU
		{407D11A9-7A13-DF29-1CA8-CD9F8DA840C1}.Release|x64.Build.0 = Release|Any CPU
		{C989160A-2055-4695-8223-F55B879214C9}.Debug|Any CPU.ActiveCfg = Debug|Any CPU
		{C989160A-2055-4695-8223-F55B879214C9}.Debug|Any CPU.Build.0 = Debug|Any CPU
		{C989160A-2055-4695-8223-F55B879214C9}.Debug|x64.ActiveCfg = Debug|Any CPU
		{C989160A-2055-4695-8223-F55B879214C9}.Debug|x64.Build.0 = Debug|Any CPU
		{C989160A-2055-4695-8223-F55B879214C9}.Release|Any CPU.ActiveCfg = Release|Any CPU
		{C989160A-2055-4695-8223-F55B879214C9}.Release|Any CPU.Build.0 = Release|Any CPU
		{C989160A-2055-4695-8223-F55B879214C9}.Release|x64.ActiveCfg = Release|Any CPU
		{C989160A-2055-4695-8223-F55B879214C9}.Release|x64.Build.0 = Release|Any CPU
		{A5F88ED2-5B0B-47BB-A4C2-999EA4751811}.Debug|Any CPU.ActiveCfg = Debug|Any CPU
		{A5F88ED2-5B0B-47BB-A4C2-999EA4751811}.Debug|Any CPU.Build.0 = Debug|Any CPU
		{A5F88ED2-5B0B-47BB-A4C2-999EA4751811}.Debug|x64.ActiveCfg = Debug|Any CPU
		{A5F88ED2-5B0B-47BB-A4C2-999EA4751811}.Debug|x64.Build.0 = Debug|Any CPU
		{A5F88ED2-5B0B-47BB-A4C2-999EA4751811}.Release|Any CPU.ActiveCfg = Release|Any CPU
		{A5F88ED2-5B0B-47BB-A4C2-999EA4751811}.Release|Any CPU.Build.0 = Release|Any CPU
		{A5F88ED2-5B0B-47BB-A4C2-999EA4751811}.Release|x64.ActiveCfg = Release|Any CPU
		{A5F88ED2-5B0B-47BB-A4C2-999EA4751811}.Release|x64.Build.0 = Release|Any CPU
	EndGlobalSection
	GlobalSection(SolutionProperties) = preSolution
		HideSolutionNode = FALSE
	EndGlobalSection
	GlobalSection(NestedProjects) = preSolution
		{2407A012-4842-4ACD-8B75-0C5D243BD198} = {02EA681E-C7D8-13C7-8484-4AC65E1B71E8}
		{BFA6EA5B-3352-4F74-8D87-D6D2131C9454} = {02EA681E-C7D8-13C7-8484-4AC65E1B71E8}
		{C43AC614-1164-421F-A34D-1E304DD32E54} = {02EA681E-C7D8-13C7-8484-4AC65E1B71E8}
		{B59E328E-DE0D-4B42-8F55-069387F13D93} = {02EA681E-C7D8-13C7-8484-4AC65E1B71E8}
		{B7A102C5-DD4D-4BF9-9D6E-95224221F555} = {B59E328E-DE0D-4B42-8F55-069387F13D93}
		{8F57D74A-D77B-E736-FDBE-1D59DA6314A4} = {BFA6EA5B-3352-4F74-8D87-D6D2131C9454}
		{D01AE7E1-9821-FFC7-EE21-FB289C6B6B6D} = {BFA6EA5B-3352-4F74-8D87-D6D2131C9454}
		{ECDA5680-4DDE-4641-B07F-018F60D8355E} = {C43AC614-1164-421F-A34D-1E304DD32E54}
		{4A8D5E91-47F8-449E-894D-58AE4418A913} = {C43AC614-1164-421F-A34D-1E304DD32E54}
		{1A0CC9A6-6584-45C8-867D-89EAC7956F77} = {2407A012-4842-4ACD-8B75-0C5D243BD198}
		{A4D1BAAA-D538-4038-AF4F-0D43F61D8C8E} = {971299CB-D5F7-48F5-A8A6-1F9F95850582}
		{3E167905-CC80-48A1-87C9-C93C824BCD39} = {A4D1BAAA-D538-4038-AF4F-0D43F61D8C8E}
		{DB89156F-D3BC-49AB-8BB9-05165CD9E975} = {A4D1BAAA-D538-4038-AF4F-0D43F61D8C8E}
		{347FA1C1-CA71-40F8-8EC4-D92E21D762DD} = {A4D1BAAA-D538-4038-AF4F-0D43F61D8C8E}
		{18A43BE6-0EA8-48F0-A2BF-2B4DBF839BBA} = {02EA681E-C7D8-13C7-8484-4AC65E1B71E8}
		{407D11A9-7A13-DF29-1CA8-CD9F8DA840C1} = {18A43BE6-0EA8-48F0-A2BF-2B4DBF839BBA}
		{C989160A-2055-4695-8223-F55B879214C9} = {A4D1BAAA-D538-4038-AF4F-0D43F61D8C8E}
		{A5F88ED2-5B0B-47BB-A4C2-999EA4751811} = {A4D1BAAA-D538-4038-AF4F-0D43F61D8C8E}
	EndGlobalSection
	GlobalSection(ExtensibilityGlobals) = postSolution
		SolutionGuid = {9AA746C1-30A0-4B74-8385-564580D5AB15}
	EndGlobalSection
EndGlobal
